
Microsoft Visual Studio Solution File, Format Version 12.00
# Visual Studio Version 16
VisualStudioVersion = 16.0.31205.134
MinimumVisualStudioVersion = 10.0.40219.1
Project("{FAE04EC0-301F-11D3-BF4B-00C04F79EFBC}") = "BaiTAp", "BaiTAp\BaiTAp.csproj", "{D442E824-4234-4356-8DB2-E33CDBEBD264}"
EndProject
Global
	GlobalSection(SolutionConfigurationPlatforms) = preSolution
		Debug|Any CPU = Debug|Any CPU
		Release|Any CPU = Release|Any CPU
	EndGlobalSection
	GlobalSection(ProjectConfigurationPlatforms) = postSolution
		{D442E824-4234-4356-8DB2-E33CDBEBD264}.Debug|Any CPU.ActiveCfg = Debug|Any CPU
		{D442E824-4234-4356-8DB2-E33CDBEBD264}.Debug|Any CPU.Build.0 = Debug|Any CPU
		{D442E824-4234-4356-8DB2-E33CDBEBD264}.Release|Any CPU.ActiveCfg = Release|Any CPU
		{D442E824-4234-4356-8DB2-E33CDBEBD264}.Release|Any CPU.Build.0 = Release|Any CPU
	EndGlobalSection
	GlobalSection(SolutionProperties) = preSolution
		HideSolutionNode = FALSE
	EndGlobalSection
	GlobalSection(ExtensibilityGlobals) = postSolution
		SolutionGuid = {B4183F7B-F4EF-446F-97DE-8C3350B37F3C}
	EndGlobalSection
EndGlobal
